// !$*UTF8*$!
{
	archiveVersion = 1;
	classes = {
	};
	objectVersion = 48;
	objects = {

/* Begin PBXBuildFile section */
		C3370CCD1FFCC8C800435134 /* AsyncOperation.swift in Sources */ = {isa = PBXBuildFile; fileRef = C3370CCC1FFCC8C800435134 /* AsyncOperation.swift */; };
		C37477851FF4EE1300188452 /* AppDelegate.swift in Sources */ = {isa = PBXBuildFile; fileRef = C37477841FF4EE1300188452 /* AppDelegate.swift */; };
		C37477871FF4EE1300188452 /* ViewController.swift in Sources */ = {isa = PBXBuildFile; fileRef = C37477861FF4EE1300188452 /* ViewController.swift */; };
		C374778A1FF4EE1300188452 /* Main.storyboard in Resources */ = {isa = PBXBuildFile; fileRef = C37477881FF4EE1300188452 /* Main.storyboard */; };
		C374778C1FF4EE1300188452 /* Assets.xcassets in Resources */ = {isa = PBXBuildFile; fileRef = C374778B1FF4EE1300188452 /* Assets.xcassets */; };
		C374778F1FF4EE1300188452 /* LaunchScreen.storyboard in Resources */ = {isa = PBXBuildFile; fileRef = C374778D1FF4EE1300188452 /* LaunchScreen.storyboard */; };
		C37477971FF4EE3F00188452 /* PlayerViewController.swift in Sources */ = {isa = PBXBuildFile; fileRef = C37477961FF4EE3F00188452 /* PlayerViewController.swift */; };
		C3E65ECC1FFA5B5A002208A0 /* 02 - Suzanne Vega - Tom's Diner.mp3 in Resources */ = {isa = PBXBuildFile; fileRef = C3E65ECB1FFA5B5A002208A0 /* 02 - Suzanne Vega - Tom's Diner.mp3 */; };
		C3E65ED01FFBC1B6002208A0 /* DragAndDropAndPushRecognizer.swift in Sources */ = {isa = PBXBuildFile; fileRef = C3E65ECF1FFBC1B6002208A0 /* DragAndDropAndPushRecognizer.swift */; };
		C3FB22B51FF636A700D5F9B3 /* CircleAudioPlayer.swift in Sources */ = {isa = PBXBuildFile; fileRef = C3FB22B41FF636A700D5F9B3 /* CircleAudioPlayer.swift */; };
		C3FB22BB1FF65DD100D5F9B3 /* HelpingFunctions.swift in Sources */ = {isa = PBXBuildFile; fileRef = C3FB22BA1FF65DD100D5F9B3 /* HelpingFunctions.swift */; };
		C3FB22BE1FF9638F00D5F9B3 /* RoundButton.swift in Sources */ = {isa = PBXBuildFile; fileRef = C3FB22BD1FF9638F00D5F9B3 /* RoundButton.swift */; };
/* End PBXBuildFile section */

/* Begin PBXFileReference section */
		C3370CCC1FFCC8C800435134 /* AsyncOperation.swift */ = {isa = PBXFileReference; lastKnownFileType = sourcecode.swift; path = AsyncOperation.swift; sourceTree = "<group>"; };
		C37477811FF4EE1300188452 /* TestTaskLivatek.app */ = {isa = PBXFileReference; explicitFileType = wrapper.application; includeInIndex = 0; path = TestTaskLivatek.app; sourceTree = BUILT_PRODUCTS_DIR; };
		C37477841FF4EE1300188452 /* AppDelegate.swift */ = {isa = PBXFileReference; lastKnownFileType = sourcecode.swift; path = AppDelegate.swift; sourceTree = "<group>"; };
		C37477861FF4EE1300188452 /* ViewController.swift */ = {isa = PBXFileReference; lastKnownFileType = sourcecode.swift; path = ViewController.swift; sourceTree = "<group>"; };
		C37477891FF4EE1300188452 /* Base */ = {isa = PBXFileReference; lastKnownFileType = file.storyboard; name = Base; path = Base.lproj/Main.storyboard; sourceTree = "<group>"; };
		C374778B1FF4EE1300188452 /* Assets.xcassets */ = {isa = PBXFileReference; lastKnownFileType = folder.assetcatalog; path = Assets.xcassets; sourceTree = "<group>"; };
		C374778E1FF4EE1300188452 /* Base */ = {isa = PBXFileReference; lastKnownFileType = file.storyboard; name = Base; path = Base.lproj/LaunchScreen.storyboard; sourceTree = "<group>"; };
		C37477901FF4EE1300188452 /* Info.plist */ = {isa = PBXFileReference; lastKnownFileType = text.plist.xml; path = Info.plist; sourceTree = "<group>"; };
		C37477961FF4EE3F00188452 /* PlayerViewController.swift */ = {isa = PBXFileReference; lastKnownFileType = sourcecode.swift; path = PlayerViewController.swift; sourceTree = "<group>"; };
		C3E65ECB1FFA5B5A002208A0 /* 02 - Suzanne Vega - Tom's Diner.mp3 */ = {isa = PBXFileReference; lastKnownFileType = audio.mp3; path = "02 - Suzanne Vega - Tom's Diner.mp3"; sourceTree = "<group>"; };
		C3E65ECF1FFBC1B6002208A0 /* DragAndDropAndPushRecognizer.swift */ = {isa = PBXFileReference; lastKnownFileType = sourcecode.swift; path = DragAndDropAndPushRecognizer.swift; sourceTree = "<group>"; };
		C3FB22B41FF636A700D5F9B3 /* CircleAudioPlayer.swift */ = {isa = PBXFileReference; lastKnownFileType = sourcecode.swift; path = CircleAudioPlayer.swift; sourceTree = "<group>"; };
		C3FB22BA1FF65DD100D5F9B3 /* HelpingFunctions.swift */ = {isa = PBXFileReference; lastKnownFileType = sourcecode.swift; path = HelpingFunctions.swift; sourceTree = "<group>"; };
		C3FB22BD1FF9638F00D5F9B3 /* RoundButton.swift */ = {isa = PBXFileReference; lastKnownFileType = sourcecode.swift; path = RoundButton.swift; sourceTree = "<group>"; };
/* End PBXFileReference section */

/* Begin PBXFrameworksBuildPhase section */
		C374777E1FF4EE1300188452 /* Frameworks */ = {
			isa = PBXFrameworksBuildPhase;
			buildActionMask = 2147483647;
			files = (
			);
			runOnlyForDeploymentPostprocessing = 0;
		};
/* End PBXFrameworksBuildPhase section */

/* Begin PBXGroup section */
		C3370CCB1FFCC8AF00435134 /* Resources */ = {
			isa = PBXGroup;
			children = (
				C3E65ECB1FFA5B5A002208A0 /* 02 - Suzanne Vega - Tom's Diner.mp3 */,
			);
			path = Resources;
			sourceTree = "<group>";
		};
		C37477781FF4EE1300188452 = {
			isa = PBXGroup;
			children = (
				C37477831FF4EE1300188452 /* TestTaskLivatek */,
				C37477821FF4EE1300188452 /* Products */,
			);
			sourceTree = "<group>";
		};
		C37477821FF4EE1300188452 /* Products */ = {
			isa = PBXGroup;
			children = (
				C37477811FF4EE1300188452 /* TestTaskLivatek.app */,
			);
			name = Products;
			sourceTree = "<group>";
		};
		C37477831FF4EE1300188452 /* TestTaskLivatek */ = {
			isa = PBXGroup;
			children = (
				C3370CCB1FFCC8AF00435134 /* Resources */,
				C37477841FF4EE1300188452 /* AppDelegate.swift */,
				C3370CCC1FFCC8C800435134 /* AsyncOperation.swift */,
				C37477861FF4EE1300188452 /* ViewController.swift */,
				C3E65ED11FFC1BC9002208A0 /* ComplexGestureRecognizer */,
				C37477961FF4EE3F00188452 /* PlayerViewController.swift */,
				C37477881FF4EE1300188452 /* Main.storyboard */,
				C3FB22BC1FF6AA5000D5F9B3 /* ViewComponents */,
				C374778B1FF4EE1300188452 /* Assets.xcassets */,
				C374778D1FF4EE1300188452 /* LaunchScreen.storyboard */,
				C37477901FF4EE1300188452 /* Info.plist */,
				C3FB22BA1FF65DD100D5F9B3 /* HelpingFunctions.swift */,
			);
			path = TestTaskLivatek;
			sourceTree = "<group>";
		};
		C3E65ED11FFC1BC9002208A0 /* ComplexGestureRecognizer */ = {
			isa = PBXGroup;
			children = (
				C3E65ECF1FFBC1B6002208A0 /* DragAndDropAndPushRecognizer.swift */,
			);
			path = ComplexGestureRecognizer;
			sourceTree = "<group>";
		};
		C3FB22BC1FF6AA5000D5F9B3 /* ViewComponents */ = {
			isa = PBXGroup;
			children = (
				C3FB22BD1FF9638F00D5F9B3 /* RoundButton.swift */,
				C3FB22B41FF636A700D5F9B3 /* CircleAudioPlayer.swift */,
			);
			path = ViewComponents;
			sourceTree = "<group>";
		};
/* End PBXGroup section */

/* Begin PBXNativeTarget section */
		C37477801FF4EE1300188452 /* TestTaskLivatek */ = {
			isa = PBXNativeTarget;
			buildConfigurationList = C37477931FF4EE1300188452 /* Build configuration list for PBXNativeTarget "TestTaskLivatek" */;
			buildPhases = (
				B1ECA45B690158E322C8502B /* [CP] Check Pods Manifest.lock */,
				C374777D1FF4EE1300188452 /* Sources */,
				C374777E1FF4EE1300188452 /* Frameworks */,
				C374777F1FF4EE1300188452 /* Resources */,
				82725B1BFBB07BFDAA84B8AC /* [CP] Embed Pods Frameworks */,
				62684BA200CC3F5B243BD580 /* [CP] Copy Pods Resources */,
			);
			buildRules = (
			);
			dependencies = (
			);
			name = TestTaskLivatek;
			productName = TestTaskLivatek;
			productReference = C37477811FF4EE1300188452 /* TestTaskLivatek.app */;
			productType = "com.apple.product-type.application";
		};
/* End PBXNativeTarget section */

/* Begin PBXProject section */
		C37477791FF4EE1300188452 /* Project object */ = {
			isa = PBXProject;
			attributes = {
				LastSwiftUpdateCheck = 0920;
				LastUpgradeCheck = 0920;
				ORGANIZATIONNAME = "October Hammer";
				TargetAttributes = {
					C37477801FF4EE1300188452 = {
						CreatedOnToolsVersion = 9.2;
						ProvisioningStyle = Automatic;
					};
				};
			};
			buildConfigurationList = C374777C1FF4EE1300188452 /* Build configuration list for PBXProject "TestTaskLivatek" */;
			compatibilityVersion = "Xcode 8.0";
			developmentRegion = en;
			hasScannedForEncodings = 0;
			knownRegions = (
				en,
				Base,
			);
			mainGroup = C37477781FF4EE1300188452;
			productRefGroup = C37477821FF4EE1300188452 /* Products */;
			projectDirPath = "";
			projectRoot = "";
			targets = (
				C37477801FF4EE1300188452 /* TestTaskLivatek */,
			);
		};
/* End PBXProject section */

/* Begin PBXResourcesBuildPhase section */
		C374777F1FF4EE1300188452 /* Resources */ = {
			isa = PBXResourcesBuildPhase;
			buildActionMask = 2147483647;
			files = (
				C3E65ECC1FFA5B5A002208A0 /* 02 - Suzanne Vega - Tom's Diner.mp3 in Resources */,
				C374778F1FF4EE1300188452 /* LaunchScreen.storyboard in Resources */,
				C374778C1FF4EE1300188452 /* Assets.xcassets in Resources */,
				C374778A1FF4EE1300188452 /* Main.storyboard in Resources */,
			);
			runOnlyForDeploymentPostprocessing = 0;
		};
/* End PBXResourcesBuildPhase section */

/* Begin PBXShellScriptBuildPhase section */
		62684BA200CC3F5B243BD580 /* [CP] Copy Pods Resources */ = {
			isa = PBXShellScriptBuildPhase;
			buildActionMask = 2147483647;
			files = (
			);
			inputPaths = (
			);
			name = "[CP] Copy Pods Resources";
			outputPaths = (
			);
			runOnlyForDeploymentPostprocessing = 0;
			shellPath = /bin/sh;
			shellScript = "";
			showEnvVarsInLog = 0;
		};
		82725B1BFBB07BFDAA84B8AC /* [CP] Embed Pods Frameworks */ = {
			isa = PBXShellScriptBuildPhase;
			buildActionMask = 2147483647;
			files = (
			);
			inputPaths = (
				"${SRCROOT}/Pods/Target Support Files/Pods-TestTaskLivatek/Pods-TestTaskLivatek-frameworks.sh",
				"${BUILT_PRODUCTS_DIR}/Pantomime/Pantomime.framework",
			);
			name = "[CP] Embed Pods Frameworks";
			outputPaths = (
				"${TARGET_BUILD_DIR}/${FRAMEWORKS_FOLDER_PATH}/Pantomime.framework",
			);
			runOnlyForDeploymentPostprocessing = 0;
			shellPath = /bin/sh;
			shellScript = "
";
			showEnvVarsInLog = 0;
		};
		B1ECA45B690158E322C8502B /* [CP] Check Pods Manifest.lock */ = {
			isa = PBXShellScriptBuildPhase;
			buildActionMask = 2147483647;
			files = (
			);
			inputPaths = (
				"${PODS_PODFILE_DIR_PATH}/Podfile.lock",
				"${PODS_ROOT}/Manifest.lock",
			);
			name = "[CP] Check Pods Manifest.lock";
			outputPaths = (
				"$(DERIVED_FILE_DIR)/Pods-TestTaskLivatek-checkManifestLockResult.txt",
			);
			runOnlyForDeploymentPostprocessing = 0;
			shellPath = /bin/sh;
			shellScript = "";
			showEnvVarsInLog = 0;
		};
/* End PBXShellScriptBuildPhase section */

/* Begin PBXSourcesBuildPhase section */
		C374777D1FF4EE1300188452 /* Sources */ = {
			isa = PBXSourcesBuildPhase;
			buildActionMask = 2147483647;
			files = (
				C3E65ED01FFBC1B6002208A0 /* DragAndDropAndPushRecognizer.swift in Sources */,
				C3FB22BB1FF65DD100D5F9B3 /* HelpingFunctions.swift in Sources */,
				C37477871FF4EE1300188452 /* ViewController.swift in Sources */,
				C3FB22BE1FF9638F00D5F9B3 /* RoundButton.swift in Sources */,
				C37477851FF4EE1300188452 /* AppDelegate.swift in Sources */,
				C3FB22B51FF636A700D5F9B3 /* CircleAudioPlayer.swift in Sources */,
				C3370CCD1FFCC8C800435134 /* AsyncOperation.swift in Sources */,
				C37477971FF4EE3F00188452 /* PlayerViewController.swift in Sources */,
			);
			runOnlyForDeploymentPostprocessing = 0;
		};
/* End PBXSourcesBuildPhase section */

/* Begin PBXVariantGroup section */
		C37477881FF4EE1300188452 /* Main.storyboard */ = {
			isa = PBXVariantGroup;
			children = (
				C37477891FF4EE1300188452 /* Base */,
			);
			name = Main.storyboard;
			sourceTree = "<group>";
		};
		C374778D1FF4EE1300188452 /* LaunchScreen.storyboard */ = {
			isa = PBXVariantGroup;
			children = (
				C374778E1FF4EE1300188452 /* Base */,
			);
			name = LaunchScreen.storyboard;
			sourceTree = "<group>";
		};
/* End PBXVariantGroup section */

/* Begin XCBuildConfiguration section */
		C37477911FF4EE1300188452 /* Debug */ = {
			isa = XCBuildConfiguration;
			buildSettings = {
				ALWAYS_SEARCH_USER_PATHS = NO;
				CLANG_ANALYZER_NONNULL = YES;
				CLANG_ANALYZER_NUMBER_OBJECT_CONVERSION = YES_AGGRESSIVE;
				CLANG_CXX_LANGUAGE_STANDARD = "gnu++14";
				CLANG_CXX_LIBRARY = "libc++";
				CLANG_ENABLE_MODULES = YES;
				CLANG_ENABLE_OBJC_ARC = YES;
				CLANG_WARN_BLOCK_CAPTURE_AUTORELEASING = YES;
				CLANG_WARN_BOOL_CONVERSION = YES;
				CLANG_WARN_COMMA = YES;
				CLANG_WARN_CONSTANT_CONVERSION = YES;
				CLANG_WARN_DIRECT_OBJC_ISA_USAGE = YES_ERROR;
				CLANG_WARN_DOCUMENTATION_COMMENTS = YES;
				CLANG_WARN_EMPTY_BODY = YES;
				CLANG_WARN_ENUM_CONVERSION = YES;
				CLANG_WARN_INFINITE_RECURSION = YES;
				CLANG_WARN_INT_CONVERSION = YES;
				CLANG_WARN_NON_LITERAL_NULL_CONVERSION = YES;
				CLANG_WARN_OBJC_LITERAL_CONVERSION = YES;
				CLANG_WARN_OBJC_ROOT_CLASS = YES_ERROR;
				CLANG_WARN_RANGE_LOOP_ANALYSIS = YES;
				CLANG_WARN_STRICT_PROTOTYPES = YES;
				CLANG_WARN_SUSPICIOUS_MOVE = YES;
				CLANG_WARN_UNGUARDED_AVAILABILITY = YES_AGGRESSIVE;
				CLANG_WARN_UNREACHABLE_CODE = YES;
				CLANG_WARN__DUPLICATE_METHOD_MATCH = YES;
				CODE_SIGN_IDENTITY = "iPhone Developer";
				COPY_PHASE_STRIP = NO;
				DEBUG_INFORMATION_FORMAT = dwarf;
				ENABLE_STRICT_OBJC_MSGSEND = YES;
				ENABLE_TESTABILITY = YES;
				GCC_C_LANGUAGE_STANDARD = gnu11;
				GCC_DYNAMIC_NO_PIC = NO;
				GCC_NO_COMMON_BLOCKS = YES;
				GCC_OPTIMIZATION_LEVEL = 0;
				GCC_PREPROCESSOR_DEFINITIONS = (
					"DEBUG=1",
					"$(inherited)",
				);
				GCC_WARN_64_TO_32_BIT_CONVERSION = YES;
				GCC_WARN_ABOUT_RETURN_TYPE = YES_ERROR;
				GCC_WARN_UNDECLARED_SELECTOR = YES;
				GCC_WARN_UNINITIALIZED_AUTOS = YES_AGGRESSIVE;
				GCC_WARN_UNUSED_FUNCTION = YES;
				GCC_WARN_UNUSED_VARIABLE = YES;
				IPHONEOS_DEPLOYMENT_TARGET = 11.2;
				MTL_ENABLE_DEBUG_INFO = YES;
				ONLY_ACTIVE_ARCH = YES;
				SDKROOT = iphoneos;
				SWIFT_ACTIVE_COMPILATION_CONDITIONS = DEBUG;
				SWIFT_OPTIMIZATION_LEVEL = "-Onone";
			};
			name = Debug;
		};
		C37477921FF4EE1300188452 /* Release */ = {
			isa = XCBuildConfiguration;
			buildSettings = {
				ALWAYS_SEARCH_USER_PATHS = NO;
				CLANG_ANALYZER_NONNULL = YES;
				CLANG_ANALYZER_NUMBER_OBJECT_CONVERSION = YES_AGGRESSIVE;
				CLANG_CXX_LANGUAGE_STANDARD = "gnu++14";
				CLANG_CXX_LIBRARY = "libc++";
				CLANG_ENABLE_MODULES = YES;
				CLANG_ENABLE_OBJC_ARC = YES;
				CLANG_WARN_BLOCK_CAPTURE_AUTORELEASING = YES;
				CLANG_WARN_BOOL_CONVERSION = YES;
				CLANG_WARN_COMMA = YES;
				CLANG_WARN_CONSTANT_CONVERSION = YES;
				CLANG_WARN_DIRECT_OBJC_ISA_USAGE = YES_ERROR;
				CLANG_WARN_DOCUMENTATION_COMMENTS = YES;
				CLANG_WARN_EMPTY_BODY = YES;
				CLANG_WARN_ENUM_CONVERSION = YES;
				CLANG_WARN_INFINITE_RECURSION = YES;
				CLANG_WARN_INT_CONVERSION = YES;
				CLANG_WARN_NON_LITERAL_NULL_CONVERSION = YES;
				CLANG_WARN_OBJC_LITERAL_CONVERSION = YES;
				CLANG_WARN_OBJC_ROOT_CLASS = YES_ERROR;
				CLANG_WARN_RANGE_LOOP_ANALYSIS = YES;
				CLANG_WARN_STRICT_PROTOTYPES = YES;
				CLANG_WARN_SUSPICIOUS_MOVE = YES;
				CLANG_WARN_UNGUARDED_AVAILABILITY = YES_AGGRESSIVE;
				CLANG_WARN_UNREACHABLE_CODE = YES;
				CLANG_WARN__DUPLICATE_METHOD_MATCH = YES;
				CODE_SIGN_IDENTITY = "iPhone Developer";
				COPY_PHASE_STRIP = NO;
				DEBUG_INFORMATION_FORMAT = "dwarf-with-dsym";
				ENABLE_NS_ASSERTIONS = NO;
				ENABLE_STRICT_OBJC_MSGSEND = YES;
				GCC_C_LANGUAGE_STANDARD = gnu11;
				GCC_NO_COMMON_BLOCKS = YES;
				GCC_WARN_64_TO_32_BIT_CONVERSION = YES;
				GCC_WARN_ABOUT_RETURN_TYPE = YES_ERROR;
				GCC_WARN_UNDECLARED_SELECTOR = YES;
				GCC_WARN_UNINITIALIZED_AUTOS = YES_AGGRESSIVE;
				GCC_WARN_UNUSED_FUNCTION = YES;
				GCC_WARN_UNUSED_VARIABLE = YES;
				IPHONEOS_DEPLOYMENT_TARGET = 11.2;
				MTL_ENABLE_DEBUG_INFO = NO;
				SDKROOT = iphoneos;
				SWIFT_OPTIMIZATION_LEVEL = "-Owholemodule";
				VALIDATE_PRODUCT = YES;
			};
			name = Release;
		};
		C37477941FF4EE1300188452 /* Debug */ = {
			isa = XCBuildConfiguration;
			buildSettings = {
				ASSETCATALOG_COMPILER_APPICON_NAME = AppIcon;
				CODE_SIGN_STYLE = Automatic;
				DEVELOPMENT_TEAM = 324M5N8HKC;
				INFOPLIST_FILE = TestTaskLivatek/Info.plist;
				IPHONEOS_DEPLOYMENT_TARGET = 8.0;
				LD_RUNPATH_SEARCH_PATHS = "$(inherited) @executable_path/Frameworks";
				PRODUCT_BUNDLE_IDENTIFIER = personal.TestTaskLivatek;
				PRODUCT_NAME = "$(TARGET_NAME)";
				SWIFT_VERSION = 4.0;
				TARGETED_DEVICE_FAMILY = 1;
			};
			name = Debug;
		};
		C37477951FF4EE1300188452 /* Release */ = {
			isa = XCBuildConfiguration;
			buildSettings = {
				ASSETCATALOG_COMPILER_APPICON_NAME = AppIcon;
				CODE_SIGN_STYLE = Automatic;
				DEVELOPMENT_TEAM = 324M5N8HKC;
				INFOPLIST_FILE = TestTaskLivatek/Info.plist;
				IPHONEOS_DEPLOYMENT_TARGET = 8.0;
				LD_RUNPATH_SEARCH_PATHS = "$(inherited) @executable_path/Frameworks";
				PRODUCT_BUNDLE_IDENTIFIER = personal.TestTaskLivatek;
				PRODUCT_NAME = "$(TARGET_NAME)";
				SWIFT_VERSION = 4.0;
				TARGETED_DEVICE_FAMILY = 1;
			};
			name = Release;
		};
/* End XCBuildConfiguration section */

/* Begin XCConfigurationList section */
		C374777C1FF4EE1300188452 /* Build configuration list for PBXProject "TestTaskLivatek" */ = {
			isa = XCConfigurationList;
			buildConfigurations = (
				C37477911FF4EE1300188452 /* Debug */,
				C37477921FF4EE1300188452 /* Release */,
			);
			defaultConfigurationIsVisible = 0;
			defaultConfigurationName = Release;
		};
		C37477931FF4EE1300188452 /* Build configuration list for PBXNativeTarget "TestTaskLivatek" */ = {
			isa = XCConfigurationList;
			buildConfigurations = (
				C37477941FF4EE1300188452 /* Debug */,
				C37477951FF4EE1300188452 /* Release */,
			);
			defaultConfigurationIsVisible = 0;
			defaultConfigurationName = Release;
		};
/* End XCConfigurationList section */
	};
	rootObject = C37477791FF4EE1300188452 /* Project object */;
}
